Microsoft Visual Studio Solution File, Format Version 12.00
# Visual Studio Version 17
VisualStudioVersion = 17.5.2.0
MinimumVisualStudioVersion = 10.0.40219.1
Project("{2150E333-8FDC-42A3-9474-1A3956D46DE8}") = "Core", "Core", "{FBF56CC3-7AE6-AD2D-3F14-7F97FD322CD6}"
EndProject
Project("{2150E333-8FDC-42A3-9474-1A3956D46DE8}") = "Meta", "Meta", "{37F104CF-1E10-C67E-9627-FA3F51CDABB8}"
EndProject
Project("{2150E333-8FDC-42A3-9474-1A3956D46DE8}") = "Web", "Web", "{256F4E96-6A73-9ABE-786F-840C672A50F4}"
EndProject
Project("{FAE04EC0-301F-11D3-BF4B-00C04F79EFBC}") = "Utils", "Core\Utils\Utils.csproj", "{2D349BED-ECED-B696-B8EE-31C1B40E71BA}"
EndProject
Project("{FAE04EC0-301F-11D3-BF4B-00C04F79EFBC}") = "Utils.Abstractions", "Core\Utils.Abstractions\Utils.Abstractions.csproj", "{F3AD6B45-0D88-20B1-004A-9D0842622663}"
EndProject
Project("{FAE04EC0-301F-11D3-BF4B-00C04F79EFBC}") = "Utils.Json", "Core\Utils.Json\Utils.Json.csproj", "{468E2AF0-1798-1BFA-C3C0-CA9B5639D6B4}"
EndProject
Project("{FAE04EC0-301F-11D3-BF4B-00C04F79EFBC}") = "Utils.Results", "Core\Utils.Results\Utils.Results.csproj", "{77F9883A-C9A1-D410-0D1E-C2FD930270A5}"
EndProject
Project("{FAE04EC0-301F-11D3-BF4B-00C04F79EFBC}") = "Utils.Tests", "Core\Utils.Tests\Utils.Tests.csproj", "{123B2ED5-AE3A-7C76-D065-06962748FB7E}"
EndProject
Project("{FAE04EC0-301F-11D3-BF4B-00C04F79EFBC}") = "Utils.Metalama", "Meta\Utils.Metalama\Utils.Metalama.csproj", "{83EDB5FA-C1BB-2075-0C23-6D7F251E186A}"
EndProject
Project("{FAE04EC0-301F-11D3-BF4B-00C04F79EFBC}") = "Utils.Metalama.Extensions", "Meta\Utils.Metalama.Extensions\Utils.Metalama.Extensions.csproj", "{7EF08F6A-14CD-06CB-16C7-43D5E59A8558}"
EndProject
Project("{FAE04EC0-301F-11D3-BF4B-00C04F79EFBC}") = "Utils.Metalama.Factories", "Meta\Utils.Metalama.Factories\Utils.Metalama.Factories.csproj", "{BBEF0750-BBDC-BCE9-2119-3901AA0E0A3F}"
EndProject
Project("{FAE04EC0-301F-11D3-BF4B-00C04F79EFBC}") = "Utils.Metalama.Tests", "Meta\Utils.Metalama.Tests\Utils.Metalama.Tests.csproj", "{B8694A14-E407-C708-D410-D3025BD3F28F}"
EndProject
Project("{FAE04EC0-301F-11D3-BF4B-00C04F79EFBC}") = "Utils.AspNet", "Web\Utils.AspNet\Utils.AspNet.csproj", "{AA375653-49B6-6B77-770C-EFF1CA58F110}"
EndProject
Project("{FAE04EC0-301F-11D3-BF4B-00C04F79EFBC}") = "Utils.AspNet.CORS", "Web\Utils.AspNet.CORS\Utils.AspNet.CORS.csproj", "{ACC64BA3-BA65-2C82-E92C-3B1346D1F810}"
EndProject
Project("{FAE04EC0-301F-11D3-BF4B-00C04F79EFBC}") = "Utils.AspNet.OpenAPI", "Web\Utils.AspNet.OpenAPI\Utils.AspNet.OpenAPI.csproj", "{2C242371-E916-80D9-5FE5-2A5D719E1B4D}"
EndProject
Project("{FAE04EC0-301F-11D3-BF4B-00C04F79EFBC}") = "Utils.AspNet.Results", "Web\Utils.AspNet.Results\Utils.AspNet.Results.csproj", "{0078BE1C-B952-B0A6-CF2A-88519E2F8D44}"
EndProject
Project("{FAE04EC0-301F-11D3-BF4B-00C04F79EFBC}") = "Utils.AspNet.Tests", "Web\Utils.AspNet.Tests\Utils.AspNet.Tests.csproj", "{8782576B-A3F5-1497-088C-2CE94083358A}"
EndProject
Global
	GlobalSection(SolutionConfigurationPlatforms) = preSolution
		Debug|Any CPU = Debug|Any CPU
		Release|Any CPU = Release|Any CPU
	EndGlobalSection
	GlobalSection(ProjectConfigurationPlatforms) = postSolution
		{2D349BED-ECED-B696-B8EE-31C1B40E71BA}.Debug|Any CPU.ActiveCfg = Debug|Any CPU
		{2D349BED-ECED-B696-B8EE-31C1B40E71BA}.Debug|Any CPU.Build.0 = Debug|Any CPU
		{2D349BED-ECED-B696-B8EE-31C1B40E71BA}.Release|Any CPU.ActiveCfg = Release|Any CPU
		{2D349BED-ECED-B696-B8EE-31C1B40E71BA}.Release|Any CPU.Build.0 = Release|Any CPU
		{F3AD6B45-0D88-20B1-004A-9D0842622663}.Debug|Any CPU.ActiveCfg = Debug|Any CPU
		{F3AD6B45-0D88-20B1-004A-9D0842622663}.Debug|Any CPU.Build.0 = Debug|Any CPU
		{F3AD6B45-0D88-20B1-004A-9D0842622663}.Release|Any CPU.ActiveCfg = Release|Any CPU
		{F3AD6B45-0D88-20B1-004A-9D0842622663}.Release|Any CPU.Build.0 = Release|Any CPU
		{468E2AF0-1798-1BFA-C3C0-CA9B5639D6B4}.Debug|Any CPU.ActiveCfg = Debug|Any CPU
		{468E2AF0-1798-1BFA-C3C0-CA9B5639D6B4}.Debug|Any CPU.Build.0 = Debug|Any CPU
		{468E2AF0-1798-1BFA-C3C0-CA9B5639D6B4}.Release|Any CPU.ActiveCfg = Release|Any CPU
		{468E2AF0-1798-1BFA-C3C0-CA9B5639D6B4}.Release|Any CPU.Build.0 = Release|Any CPU
		{77F9883A-C9A1-D410-0D1E-C2FD930270A5}.Debug|Any CPU.ActiveCfg = Debug|Any CPU
		{77F9883A-C9A1-D410-0D1E-C2FD930270A5}.Debug|Any CPU.Build.0 = Debug|Any CPU
		{77F9883A-C9A1-D410-0D1E-C2FD930270A5}.Release|Any CPU.ActiveCfg = Release|Any CPU
		{77F9883A-C9A1-D410-0D1E-C2FD930270A5}.Release|Any CPU.Build.0 = Release|Any CPU
		{123B2ED5-AE3A-7C76-D065-06962748FB7E}.Debug|Any CPU.ActiveCfg = Debug|Any CPU
		{123B2ED5-AE3A-7C76-D065-06962748FB7E}.Debug|Any CPU.Build.0 = Debug|Any CPU
		{123B2ED5-AE3A-7C76-D065-06962748FB7E}.Release|Any CPU.ActiveCfg = Release|Any CPU
		{123B2ED5-AE3A-7C76-D065-06962748FB7E}.Release|Any CPU.Build.0 = Release|Any CPU
		{83EDB5FA-C1BB-2075-0C23-6D7F251E186A}.Debug|Any CPU.ActiveCfg = Debug|Any CPU
		{83EDB5FA-C1BB-2075-0C23-6D7F251E186A}.Debug|Any CPU.Build.0 = Debug|Any CPU
		{83EDB5FA-C1BB-2075-0C23-6D7F251E186A}.Release|Any CPU.ActiveCfg = Release|Any CPU
		{83EDB5FA-C1BB-2075-0C23-6D7F251E186A}.Release|Any CPU.Build.0 = Release|Any CPU
		{7EF08F6A-14CD-06CB-16C7-43D5E59A8558}.Debug|Any CPU.ActiveCfg = Debug|Any CPU
		{7EF08F6A-14CD-06CB-16C7-43D5E59A8558}.Debug|Any CPU.Build.0 = Debug|Any CPU
		{7EF08F6A-14CD-06CB-16C7-43D5E59A8558}.Release|Any CPU.ActiveCfg = Release|Any CPU
		{7EF08F6A-14CD-06CB-16C7-43D5E59A8558}.Release|Any CPU.Build.0 = Release|Any CPU
		{BBEF0750-BBDC-BCE9-2119-3901AA0E0A3F}.Debug|Any CPU.ActiveCfg = Debug|Any CPU
		{BBEF0750-BBDC-BCE9-2119-3901AA0E0A3F}.Debug|Any CPU.Build.0 = Debug|Any CPU
		{BBEF0750-BBDC-BCE9-2119-3901AA0E0A3F}.Release|Any CPU.ActiveCfg = Release|Any CPU
		{BBEF0750-BBDC-BCE9-2119-3901AA0E0A3F}.Release|Any CPU.Build.0 = Release|Any CPU
		{B8694A14-E407-C708-D410-D3025BD3F28F}.Debug|Any CPU.ActiveCfg = Debug|Any CPU
		{B8694A14-E407-C708-D410-D3025BD3F28F}.Debug|Any CPU.Build.0 = Debug|Any CPU
		{B8694A14-E407-C708-D410-D3025BD3F28F}.Release|Any CPU.ActiveCfg = Release|Any CPU
		{B8694A14-E407-C708-D410-D3025BD3F28F}.Release|Any CPU.Build.0 = Release|Any CPU
		{AA375653-49B6-6B77-770C-EFF1CA58F110}.Debug|Any CPU.ActiveCfg = Debug|Any CPU
		{AA375653-49B6-6B77-770C-EFF1CA58F110}.Debug|Any CPU.Build.0 = Debug|Any CPU
		{AA375653-49B6-6B77-770C-EFF1CA58F110}.Release|Any CPU.ActiveCfg = Release|Any CPU
		{AA375653-49B6-6B77-770C-EFF1CA58F110}.Release|Any CPU.Build.0 = Release|Any CPU
		{ACC64BA3-BA65-2C82-E92C-3B1346D1F810}.Debug|Any CPU.ActiveCfg = Debug|Any CPU
		{ACC64BA3-BA65-2C82-E92C-3B1346D1F810}.Debug|Any CPU.Build.0 = Debug|Any CPU
		{ACC64BA3-BA65-2C82-E92C-3B1346D1F810}.Release|Any CPU.ActiveCfg = Release|Any CPU
		{ACC64BA3-BA65-2C82-E92C-3B1346D1F810}.Release|Any CPU.Build.0 = Release|Any CPU
		{2C242371-E916-80D9-5FE5-2A5D719E1B4D}.Debug|Any CPU.ActiveCfg = Debug|Any CPU
		{2C242371-E916-80D9-5FE5-2A5D719E1B4D}.Debug|Any CPU.Build.0 = Debug|Any CPU
		{2C242371-E916-80D9-5FE5-2A5D719E1B4D}.Release|Any CPU.ActiveCfg = Release|Any CPU
		{2C242371-E916-80D9-5FE5-2A5D719E1B4D}.Release|Any CPU.Build.0 = Release|Any CPU
		{0078BE1C-B952-B0A6-CF2A-88519E2F8D44}.Debug|Any CPU.ActiveCfg = Debug|Any CPU
		{0078BE1C-B952-B0A6-CF2A-88519E2F8D44}.Debug|Any CPU.Build.0 = Debug|Any CPU
		{0078BE1C-B952-B0A6-CF2A-88519E2F8D44}.Release|Any CPU.ActiveCfg = Release|Any CPU
		{0078BE1C-B952-B0A6-CF2A-88519E2F8D44}.Release|Any CPU.Build.0 = Release|Any CPU
		{8782576B-A3F5-1497-088C-2CE94083358A}.Debug|Any CPU.ActiveCfg = Debug|Any CPU
		{8782576B-A3F5-1497-088C-2CE94083358A}.Debug|Any CPU.Build.0 = Debug|Any CPU
		{8782576B-A3F5-1497-088C-2CE94083358A}.Release|Any CPU.ActiveCfg = Release|Any CPU
		{8782576B-A3F5-1497-088C-2CE94083358A}.Release|Any CPU.Build.0 = Release|Any CPU
	EndGlobalSection
	GlobalSection(SolutionProperties) = preSolution
		HideSolutionNode = FALSE
	EndGlobalSection
	GlobalSection(NestedProjects) = preSolution
		{2D349BED-ECED-B696-B8EE-31C1B40E71BA} = {FBF56CC3-7AE6-AD2D-3F14-7F97FD322CD6}
		{F3AD6B45-0D88-20B1-004A-9D0842622663} = {FBF56CC3-7AE6-AD2D-3F14-7F97FD322CD6}
		{468E2AF0-1798-1BFA-C3C0-CA9B5639D6B4} = {FBF56CC3-7AE6-AD2D-3F14-7F97FD322CD6}
		{77F9883A-C9A1-D410-0D1E-C2FD930270A5} = {FBF56CC3-7AE6-AD2D-3F14-7F97FD322CD6}
		{123B2ED5-AE3A-7C76-D065-06962748FB7E} = {FBF56CC3-7AE6-AD2D-3F14-7F97FD322CD6}
		{83EDB5FA-C1BB-2075-0C23-6D7F251E186A} = {37F104CF-1E10-C67E-9627-FA3F51CDABB8}
		{7EF08F6A-14CD-06CB-16C7-43D5E59A8558} = {37F104CF-1E10-C67E-9627-FA3F51CDABB8}
		{BBEF0750-BBDC-BCE9-2119-3901AA0E0A3F} = {37F104CF-1E10-C67E-9627-FA3F51CDABB8}
		{B8694A14-E407-C708-D410-D3025BD3F28F} = {37F104CF-1E10-C67E-9627-FA3F51CDABB8}
		{AA375653-49B6-6B77-770C-EFF1CA58F110} = {256F4E96-6A73-9ABE-786F-840C672A50F4}
		{ACC64BA3-BA65-2C82-E92C-3B1346D1F810} = {256F4E96-6A73-9ABE-786F-840C672A50F4}
		{2C242371-E916-80D9-5FE5-2A5D719E1B4D} = {256F4E96-6A73-9ABE-786F-840C672A50F4}
		{0078BE1C-B952-B0A6-CF2A-88519E2F8D44} = {256F4E96-6A73-9ABE-786F-840C672A50F4}
		{8782576B-A3F5-1497-088C-2CE94083358A} = {256F4E96-6A73-9ABE-786F-840C672A50F4}
	EndGlobalSection
	GlobalSection(ExtensibilityGlobals) = postSolution
		SolutionGuid = {794F1CCF-78B0-4676-91E4-9754B63EF9ED}
	EndGlobalSection
EndGlobal
