
Microsoft Visual Studio Solution File, Format Version 12.00
# Visual Studio Version 17
VisualStudioVersion = 17.14.35906.104
MinimumVisualStudioVersion = 10.0.40219.1
Project("{FAE04EC0-301F-11D3-BF4B-00C04F79EFBC}") = "Utils", "Utils\Utils.csproj", "{430402EF-5E8D-4C4A-8C75-5A3951D5C5EA}"
EndProject
Project("{FAE04EC0-301F-11D3-BF4B-00C04F79EFBC}") = "Utils.AspNet", "Utils.AspNet\Utils.AspNet.csproj", "{84874563-5366-4C57-B191-D1E877BD0339}"
EndProject
Project("{FAE04EC0-301F-11D3-BF4B-00C04F79EFBC}") = "Utils.AspNet.OpenAPI", "Utils.AspNet.OpenAPI\Utils.AspNet.OpenAPI.csproj", "{59F8C52C-9E44-4AF5-AB46-43255D467629}"
EndProject
Project("{2150E333-8FDC-42A3-9474-1A3956D46DE8}") = "src", "src", "{02EA681E-C7D8-13C7-8484-4AC65E1B71E8}"
EndProject
Project("{2150E333-8FDC-42A3-9474-1A3956D46DE8}") = "tests", "tests", "{35920F09-7895-4645-A4EA-936D209EBF9E}"
EndProject
Project("{FAE04EC0-301F-11D3-BF4B-00C04F79EFBC}") = "Utils.Tests", "Utils.Tests\Utils.Tests.csproj", "{763A4467-302E-4418-A5A9-4B36CA0C51F4}"
EndProject
Project("{FAE04EC0-301F-11D3-BF4B-00C04F79EFBC}") = "Utils.AspNet.Tests", "Utils.AspNet.Tests\Utils.AspNet.Tests.csproj", "{F326F380-6191-1812-32BF-36F210BF6A7B}"
EndProject
Project("{FAE04EC0-301F-11D3-BF4B-00C04F79EFBC}") = "Utils.Metalama", "Utils.Metalama\Utils.Metalama.csproj", "{E68E893B-8B4B-4CE2-B642-3194ECDDC379}"
EndProject
Project("{FAE04EC0-301F-11D3-BF4B-00C04F79EFBC}") = "Utils.Metalama.Tests", "Utils.Metalama.Tests\Utils.Metalama.Tests.csproj", "{11A32145-84EF-464D-B941-A922C2B6EA7D}"
EndProject
Project("{2150E333-8FDC-42A3-9474-1A3956D46DE8}") = "core", "core", "{A3495DF7-53BA-4ED7-9F85-6D2F06A45B2E}"
EndProject
Project("{2150E333-8FDC-42A3-9474-1A3956D46DE8}") = "web", "web", "{19704742-86EC-4832-8ED1-8D8CFDD93006}"
EndProject
Project("{2150E333-8FDC-42A3-9474-1A3956D46DE8}") = "aspects", "aspects", "{ECDE3627-B12A-44AB-B1E6-0EA1DF35CC9E}"
EndProject
Global
	GlobalSection(SolutionConfigurationPlatforms) = preSolution
		Debug|Any CPU = Debug|Any CPU
		Release|Any CPU = Release|Any CPU
	EndGlobalSection
	GlobalSection(ProjectConfigurationPlatforms) = postSolution
		{430402EF-5E8D-4C4A-8C75-5A3951D5C5EA}.Debug|Any CPU.ActiveCfg = Debug|Any CPU
		{430402EF-5E8D-4C4A-8C75-5A3951D5C5EA}.Debug|Any CPU.Build.0 = Debug|Any CPU
		{430402EF-5E8D-4C4A-8C75-5A3951D5C5EA}.Release|Any CPU.ActiveCfg = Release|Any CPU
		{430402EF-5E8D-4C4A-8C75-5A3951D5C5EA}.Release|Any CPU.Build.0 = Release|Any CPU
		{84874563-5366-4C57-B191-D1E877BD0339}.Debug|Any CPU.ActiveCfg = Debug|Any CPU
		{84874563-5366-4C57-B191-D1E877BD0339}.Debug|Any CPU.Build.0 = Debug|Any CPU
		{84874563-5366-4C57-B191-D1E877BD0339}.Release|Any CPU.ActiveCfg = Release|Any CPU
		{84874563-5366-4C57-B191-D1E877BD0339}.Release|Any CPU.Build.0 = Release|Any CPU
		{59F8C52C-9E44-4AF5-AB46-43255D467629}.Debug|Any CPU.ActiveCfg = Debug|Any CPU
		{59F8C52C-9E44-4AF5-AB46-43255D467629}.Debug|Any CPU.Build.0 = Debug|Any CPU
		{59F8C52C-9E44-4AF5-AB46-43255D467629}.Release|Any CPU.ActiveCfg = Release|Any CPU
		{59F8C52C-9E44-4AF5-AB46-43255D467629}.Release|Any CPU.Build.0 = Release|Any CPU
		{763A4467-302E-4418-A5A9-4B36CA0C51F4}.Debug|Any CPU.ActiveCfg = Debug|Any CPU
		{763A4467-302E-4418-A5A9-4B36CA0C51F4}.Release|Any CPU.ActiveCfg = Release|Any CPU
		{763A4467-302E-4418-A5A9-4B36CA0C51F4}.Release|Any CPU.Build.0 = Release|Any CPU
		{F326F380-6191-1812-32BF-36F210BF6A7B}.Debug|Any CPU.ActiveCfg = Debug|Any CPU
		{F326F380-6191-1812-32BF-36F210BF6A7B}.Release|Any CPU.ActiveCfg = Release|Any CPU
		{F326F380-6191-1812-32BF-36F210BF6A7B}.Release|Any CPU.Build.0 = Release|Any CPU
		{E68E893B-8B4B-4CE2-B642-3194ECDDC379}.Debug|Any CPU.ActiveCfg = Debug|Any CPU
		{E68E893B-8B4B-4CE2-B642-3194ECDDC379}.Debug|Any CPU.Build.0 = Debug|Any CPU
		{E68E893B-8B4B-4CE2-B642-3194ECDDC379}.Release|Any CPU.ActiveCfg = Release|Any CPU
		{E68E893B-8B4B-4CE2-B642-3194ECDDC379}.Release|Any CPU.Build.0 = Release|Any CPU
		{11A32145-84EF-464D-B941-A922C2B6EA7D}.Debug|Any CPU.ActiveCfg = Debug|Any CPU
		{11A32145-84EF-464D-B941-A922C2B6EA7D}.Release|Any CPU.ActiveCfg = Release|Any CPU
		{11A32145-84EF-464D-B941-A922C2B6EA7D}.Release|Any CPU.Build.0 = Release|Any CPU
	EndGlobalSection
	GlobalSection(SolutionProperties) = preSolution
		HideSolutionNode = FALSE
	EndGlobalSection
	GlobalSection(NestedProjects) = preSolution
		{430402EF-5E8D-4C4A-8C75-5A3951D5C5EA} = {A3495DF7-53BA-4ED7-9F85-6D2F06A45B2E}
		{84874563-5366-4C57-B191-D1E877BD0339} = {19704742-86EC-4832-8ED1-8D8CFDD93006}
		{59F8C52C-9E44-4AF5-AB46-43255D467629} = {19704742-86EC-4832-8ED1-8D8CFDD93006}
		{763A4467-302E-4418-A5A9-4B36CA0C51F4} = {35920F09-7895-4645-A4EA-936D209EBF9E}
		{F326F380-6191-1812-32BF-36F210BF6A7B} = {35920F09-7895-4645-A4EA-936D209EBF9E}
		{E68E893B-8B4B-4CE2-B642-3194ECDDC379} = {ECDE3627-B12A-44AB-B1E6-0EA1DF35CC9E}
		{11A32145-84EF-464D-B941-A922C2B6EA7D} = {35920F09-7895-4645-A4EA-936D209EBF9E}
		{A3495DF7-53BA-4ED7-9F85-6D2F06A45B2E} = {02EA681E-C7D8-13C7-8484-4AC65E1B71E8}
		{19704742-86EC-4832-8ED1-8D8CFDD93006} = {02EA681E-C7D8-13C7-8484-4AC65E1B71E8}
		{ECDE3627-B12A-44AB-B1E6-0EA1DF35CC9E} = {02EA681E-C7D8-13C7-8484-4AC65E1B71E8}
	EndGlobalSection
	GlobalSection(ExtensibilityGlobals) = postSolution
		SolutionGuid = {81373577-A466-4796-AAB5-C5B83525CD4C}
	EndGlobalSection
EndGlobal
